
Microsoft Visual Studio Solution File, Format Version 12.00
# Visual Studio Version 16
VisualStudioVersion = 16.0.31624.102
MinimumVisualStudioVersion = 10.0.40219.1
Project("{FAE04EC0-301F-11D3-BF4B-00C04F79EFBC}") = "LR17", "LR17\LR17.csproj", "{07524859-29A6-4262-B5CD-BB37EFA7C943}"
EndProject
Global
	GlobalSection(SolutionConfigurationPlatforms) = preSolution
		Debug|Any CPU = Debug|Any CPU
		Release|Any CPU = Release|Any CPU
	EndGlobalSection
	GlobalSection(ProjectConfigurationPlatforms) = postSolution
		{07524859-29A6-4262-B5CD-BB37EFA7C943}.Debug|Any CPU.ActiveCfg = Debug|Any CPU
		{07524859-29A6-4262-B5CD-BB37EFA7C943}.Debug|Any CPU.Build.0 = Debug|Any CPU
		{07524859-29A6-4262-B5CD-BB37EFA7C943}.Release|Any CPU.ActiveCfg = Release|Any CPU
		{07524859-29A6-4262-B5CD-BB37EFA7C943}.Release|Any CPU.Build.0 = Release|Any CPU
	EndGlobalSection
	GlobalSection(SolutionProperties) = preSolution
		HideSolutionNode = FALSE
	EndGlobalSection
	GlobalSection(ExtensibilityGlobals) = postSolution
		SolutionGuid = {3546875B-7D24-4DDF-A98E-7E81B1ADF512}
	EndGlobalSection
EndGlobal
